
Microsoft Visual Studio Solution File, Format Version 11.00
# Visual C# Express 2010
Project("{FAE04EC0-301F-11D3-BF4B-00C04F79EFBC}") = "Amon", "Amon\Amon.csproj", "{FD45A06E-6BB8-4EE5-87DB-DE638822E885}"
EndProject
Project("{FAE04EC0-301F-11D3-BF4B-00C04F79EFBC}") = "Cmd", "Cmd\Cmd.csproj", "{1CF51861-61DA-4A0B-B45B-BFA2E9741304}"
EndProject
Project("{FAE04EC0-301F-11D3-BF4B-00C04F79EFBC}") = "App", "App\App.csproj", "{3CA47FED-1D6E-42DB-91C8-2025CA9D401A}"
EndProject
Global
	GlobalSection(SolutionConfigurationPlatforms) = preSolution
		Debug|x86 = Debug|x86
		Release|x86 = Release|x86
	EndGlobalSection
	GlobalSection(ProjectConfigurationPlatforms) = postSolution
		{FD45A06E-6BB8-4EE5-87DB-DE638822E885}.Debug|x86.ActiveCfg = Debug|x86
		{FD45A06E-6BB8-4EE5-87DB-DE638822E885}.Debug|x86.Build.0 = Debug|x86
		{FD45A06E-6BB8-4EE5-87DB-DE638822E885}.Release|x86.ActiveCfg = Release|x86
		{FD45A06E-6BB8-4EE5-87DB-DE638822E885}.Release|x86.Build.0 = Release|x86
		{1CF51861-61DA-4A0B-B45B-BFA2E9741304}.Debug|x86.ActiveCfg = Debug|x86
		{1CF51861-61DA-4A0B-B45B-BFA2E9741304}.Debug|x86.Build.0 = Debug|x86
		{1CF51861-61DA-4A0B-B45B-BFA2E9741304}.Release|x86.ActiveCfg = Release|x86
		{1CF51861-61DA-4A0B-B45B-BFA2E9741304}.Release|x86.Build.0 = Release|x86
		{3CA47FED-1D6E-42DB-91C8-2025CA9D401A}.Debug|x86.ActiveCfg = Debug|x86
		{3CA47FED-1D6E-42DB-91C8-2025CA9D401A}.Debug|x86.Build.0 = Debug|x86
		{3CA47FED-1D6E-42DB-91C8-2025CA9D401A}.Release|x86.ActiveCfg = Release|x86
		{3CA47FED-1D6E-42DB-91C8-2025CA9D401A}.Release|x86.Build.0 = Release|x86
	EndGlobalSection
	GlobalSection(SolutionProperties) = preSolution
		HideSolutionNode = FALSE
	EndGlobalSection
EndGlobal
