
Microsoft Visual Studio Solution File, Format Version 11.00
# Visual Web Developer Express 2010
Project("{FAE04EC0-301F-11D3-BF4B-00C04F79EFBC}") = "Web", "Web\Web.csproj", "{BD1D78B4-8B5F-4335-98A3-6CFE1BF4F733}"
EndProject
Project("{FAE04EC0-301F-11D3-BF4B-00C04F79EFBC}") = "Amon", "Amon\Amon.csproj", "{5CA46E16-A312-467B-9114-D3DAC0E11CC9}"
	ProjectSection(ProjectDependencies) = postProject
		{BD1D78B4-8B5F-4335-98A3-6CFE1BF4F733} = {BD1D78B4-8B5F-4335-98A3-6CFE1BF4F733}
	EndProjectSection
EndProject
Project("{FAE04EC0-301F-11D3-BF4B-00C04F79EFBC}") = "ComnLib", "..\App\ComnLib\ComnLib.csproj", "{E57C460D-306A-4F57-AD0B-51F7EEAD8838}"
EndProject
Global
	GlobalSection(SolutionConfigurationPlatforms) = preSolution
		Debug|Any CPU = Debug|Any CPU
		Release|Any CPU = Release|Any CPU
	EndGlobalSection
	GlobalSection(ProjectConfigurationPlatforms) = postSolution
		{BD1D78B4-8B5F-4335-98A3-6CFE1BF4F733}.Debug|Any CPU.ActiveCfg = Debug|Any CPU
		{BD1D78B4-8B5F-4335-98A3-6CFE1BF4F733}.Debug|Any CPU.Build.0 = Debug|Any CPU
		{BD1D78B4-8B5F-4335-98A3-6CFE1BF4F733}.Release|Any CPU.ActiveCfg = Release|Any CPU
		{BD1D78B4-8B5F-4335-98A3-6CFE1BF4F733}.Release|Any CPU.Build.0 = Release|Any CPU
		{5CA46E16-A312-467B-9114-D3DAC0E11CC9}.Debug|Any CPU.ActiveCfg = Debug|Any CPU
		{5CA46E16-A312-467B-9114-D3DAC0E11CC9}.Debug|Any CPU.Build.0 = Debug|Any CPU
		{5CA46E16-A312-467B-9114-D3DAC0E11CC9}.Release|Any CPU.ActiveCfg = Release|Any CPU
		{5CA46E16-A312-467B-9114-D3DAC0E11CC9}.Release|Any CPU.Build.0 = Release|Any CPU
		{E57C460D-306A-4F57-AD0B-51F7EEAD8838}.Debug|Any CPU.ActiveCfg = Debug|Any CPU
		{E57C460D-306A-4F57-AD0B-51F7EEAD8838}.Debug|Any CPU.Build.0 = Debug|Any CPU
		{E57C460D-306A-4F57-AD0B-51F7EEAD8838}.Release|Any CPU.ActiveCfg = Release|Any CPU
		{E57C460D-306A-4F57-AD0B-51F7EEAD8838}.Release|Any CPU.Build.0 = Release|Any CPU
	EndGlobalSection
	GlobalSection(SolutionProperties) = preSolution
		HideSolutionNode = FALSE
	EndGlobalSection
EndGlobal
